
Microsoft Visual Studio Solution File, Format Version 12.00
# Visual Studio Version 16
VisualStudioVersion = 16.0.29102.190
MinimumVisualStudioVersion = 10.0.40219.1
Project("{FAE04EC0-301F-11D3-BF4B-00C04F79EFBC}") = "LaptopSimulator2015", "LaptopSimulator2015\LaptopSimulator2015.csproj", "{ADBFC08F-A516-4790-9F9E-FB3000619E2A}"
	ProjectSection(ProjectDependencies) = postProject
		{0965C803-49B2-4311-B62F-1E60DBD9185F} = {0965C803-49B2-4311-B62F-1E60DBD9185F}
		{8109040E-9D8D-43E7-A461-83475B2939C9} = {8109040E-9D8D-43E7-A461-83475B2939C9}
		{4AA1EF48-BC5E-4FE4-9B7D-BAE6D6AB9529} = {4AA1EF48-BC5E-4FE4-9B7D-BAE6D6AB9529}
		{DFA2FB97-D676-4B0D-B281-2685F85781EE} = {DFA2FB97-D676-4B0D-B281-2685F85781EE}
	EndProjectSection
EndProject
Project("{2150E333-8FDC-42A3-9474-1A3956D46DE8}") = "Minigame Tests", "Minigame Tests", "{69DC5824-3F89-4B47-BF1A-F25942094195}"
EndProject
Project("{2150E333-8FDC-42A3-9474-1A3956D46DE8}") = "Levels", "Levels", "{83BF22F9-3A2D-42A3-9DB0-C1E2AA1DD218}"
EndProject
Project("{FAE04EC0-301F-11D3-BF4B-00C04F79EFBC}") = "Base", "Base\Base.csproj", "{9A9561A7-DD5F-43A5-A3F5-A95F35DA204D}"
EndProject
Project("{FAE04EC0-301F-11D3-BF4B-00C04F79EFBC}") = "1", "1\1.csproj", "{DFA2FB97-D676-4B0D-B281-2685F85781EE}"
EndProject
Project("{FAE04EC0-301F-11D3-BF4B-00C04F79EFBC}") = "lv_tst_base", "lv_tst_base\lv_tst_base.csproj", "{52CE6BEB-EC81-4A14-85DD-3F8DB8E33202}"
EndProject
Project("{FAE04EC0-301F-11D3-BF4B-00C04F79EFBC}") = "lv1_t", "lv1_t\lv1_t.csproj", "{D80DBBF2-307F-40A0-86F1-871C8DAA394B}"
EndProject
Project("{FAE04EC0-301F-11D3-BF4B-00C04F79EFBC}") = "lv2_t", "lv2_t\lv2_t.csproj", "{741EE70E-4CED-40EB-89F2-BD77D41FECED}"
EndProject
Project("{FAE04EC0-301F-11D3-BF4B-00C04F79EFBC}") = "2", "2\2.csproj", "{0965C803-49B2-4311-B62F-1E60DBD9185F}"
EndProject
Project("{FAE04EC0-301F-11D3-BF4B-00C04F79EFBC}") = "lv3_t", "lv3_t\lv3_t.csproj", "{244E68E6-90D2-447D-B380-13CA8DD3D4EC}"
EndProject
Project("{FAE04EC0-301F-11D3-BF4B-00C04F79EFBC}") = "3", "3\3.csproj", "{8109040E-9D8D-43E7-A461-83475B2939C9}"
EndProject
Project("{FAE04EC0-301F-11D3-BF4B-00C04F79EFBC}") = "lv4_t", "lv4_t\lv4_t.csproj", "{22D618C0-F0A4-417F-A815-C760BF4376B2}"
EndProject
Project("{FAE04EC0-301F-11D3-BF4B-00C04F79EFBC}") = "4", "4\4.csproj", "{4AA1EF48-BC5E-4FE4-9B7D-BAE6D6AB9529}"
EndProject
Project("{2150E333-8FDC-42A3-9474-1A3956D46DE8}") = "Solution Items", "Solution Items", "{23D851A7-722E-416A-91F8-0C86349D5BF3}"
	ProjectSection(SolutionItems) = preProject
		ToDo.txt = ToDo.txt
	EndProjectSection
EndProject
Global
	GlobalSection(SolutionConfigurationPlatforms) = preSolution
		Debug|Any CPU = Debug|Any CPU
		Release|Any CPU = Release|Any CPU
	EndGlobalSection
	GlobalSection(ProjectConfigurationPlatforms) = postSolution
		{ADBFC08F-A516-4790-9F9E-FB3000619E2A}.Debug|Any CPU.ActiveCfg = Debug|Any CPU
		{ADBFC08F-A516-4790-9F9E-FB3000619E2A}.Debug|Any CPU.Build.0 = Debug|Any CPU
		{ADBFC08F-A516-4790-9F9E-FB3000619E2A}.Release|Any CPU.ActiveCfg = Release|Any CPU
		{ADBFC08F-A516-4790-9F9E-FB3000619E2A}.Release|Any CPU.Build.0 = Release|Any CPU
		{9A9561A7-DD5F-43A5-A3F5-A95F35DA204D}.Debug|Any CPU.ActiveCfg = Debug|Any CPU
		{9A9561A7-DD5F-43A5-A3F5-A95F35DA204D}.Debug|Any CPU.Build.0 = Debug|Any CPU
		{9A9561A7-DD5F-43A5-A3F5-A95F35DA204D}.Release|Any CPU.ActiveCfg = Release|Any CPU
		{9A9561A7-DD5F-43A5-A3F5-A95F35DA204D}.Release|Any CPU.Build.0 = Release|Any CPU
		{DFA2FB97-D676-4B0D-B281-2685F85781EE}.Debug|Any CPU.ActiveCfg = Debug|Any CPU
		{DFA2FB97-D676-4B0D-B281-2685F85781EE}.Debug|Any CPU.Build.0 = Debug|Any CPU
		{DFA2FB97-D676-4B0D-B281-2685F85781EE}.Release|Any CPU.ActiveCfg = Release|Any CPU
		{DFA2FB97-D676-4B0D-B281-2685F85781EE}.Release|Any CPU.Build.0 = Release|Any CPU
		{52CE6BEB-EC81-4A14-85DD-3F8DB8E33202}.Debug|Any CPU.ActiveCfg = Debug|Any CPU
		{52CE6BEB-EC81-4A14-85DD-3F8DB8E33202}.Debug|Any CPU.Build.0 = Debug|Any CPU
		{52CE6BEB-EC81-4A14-85DD-3F8DB8E33202}.Release|Any CPU.ActiveCfg = Release|Any CPU
		{52CE6BEB-EC81-4A14-85DD-3F8DB8E33202}.Release|Any CPU.Build.0 = Release|Any CPU
		{D80DBBF2-307F-40A0-86F1-871C8DAA394B}.Debug|Any CPU.ActiveCfg = Debug|Any CPU
		{D80DBBF2-307F-40A0-86F1-871C8DAA394B}.Debug|Any CPU.Build.0 = Debug|Any CPU
		{D80DBBF2-307F-40A0-86F1-871C8DAA394B}.Release|Any CPU.ActiveCfg = Release|Any CPU
		{D80DBBF2-307F-40A0-86F1-871C8DAA394B}.Release|Any CPU.Build.0 = Release|Any CPU
		{741EE70E-4CED-40EB-89F2-BD77D41FECED}.Debug|Any CPU.ActiveCfg = Debug|Any CPU
		{741EE70E-4CED-40EB-89F2-BD77D41FECED}.Debug|Any CPU.Build.0 = Debug|Any CPU
		{741EE70E-4CED-40EB-89F2-BD77D41FECED}.Release|Any CPU.ActiveCfg = Release|Any CPU
		{741EE70E-4CED-40EB-89F2-BD77D41FECED}.Release|Any CPU.Build.0 = Release|Any CPU
		{0965C803-49B2-4311-B62F-1E60DBD9185F}.Debug|Any CPU.ActiveCfg = Debug|Any CPU
		{0965C803-49B2-4311-B62F-1E60DBD9185F}.Debug|Any CPU.Build.0 = Debug|Any CPU
		{0965C803-49B2-4311-B62F-1E60DBD9185F}.Release|Any CPU.ActiveCfg = Release|Any CPU
		{0965C803-49B2-4311-B62F-1E60DBD9185F}.Release|Any CPU.Build.0 = Release|Any CPU
		{244E68E6-90D2-447D-B380-13CA8DD3D4EC}.Debug|Any CPU.ActiveCfg = Debug|Any CPU
		{244E68E6-90D2-447D-B380-13CA8DD3D4EC}.Debug|Any CPU.Build.0 = Debug|Any CPU
		{244E68E6-90D2-447D-B380-13CA8DD3D4EC}.Release|Any CPU.ActiveCfg = Release|Any CPU
		{244E68E6-90D2-447D-B380-13CA8DD3D4EC}.Release|Any CPU.Build.0 = Release|Any CPU
		{8109040E-9D8D-43E7-A461-83475B2939C9}.Debug|Any CPU.ActiveCfg = Debug|Any CPU
		{8109040E-9D8D-43E7-A461-83475B2939C9}.Debug|Any CPU.Build.0 = Debug|Any CPU
		{8109040E-9D8D-43E7-A461-83475B2939C9}.Release|Any CPU.ActiveCfg = Release|Any CPU
		{8109040E-9D8D-43E7-A461-83475B2939C9}.Release|Any CPU.Build.0 = Release|Any CPU
		{22D618C0-F0A4-417F-A815-C760BF4376B2}.Debug|Any CPU.ActiveCfg = Debug|Any CPU
		{22D618C0-F0A4-417F-A815-C760BF4376B2}.Debug|Any CPU.Build.0 = Debug|Any CPU
		{22D618C0-F0A4-417F-A815-C760BF4376B2}.Release|Any CPU.ActiveCfg = Release|Any CPU
		{22D618C0-F0A4-417F-A815-C760BF4376B2}.Release|Any CPU.Build.0 = Release|Any CPU
		{4AA1EF48-BC5E-4FE4-9B7D-BAE6D6AB9529}.Debug|Any CPU.ActiveCfg = Debug|Any CPU
		{4AA1EF48-BC5E-4FE4-9B7D-BAE6D6AB9529}.Debug|Any CPU.Build.0 = Debug|Any CPU
		{4AA1EF48-BC5E-4FE4-9B7D-BAE6D6AB9529}.Release|Any CPU.ActiveCfg = Release|Any CPU
		{4AA1EF48-BC5E-4FE4-9B7D-BAE6D6AB9529}.Release|Any CPU.Build.0 = Release|Any CPU
	EndGlobalSection
	GlobalSection(SolutionProperties) = preSolution
		HideSolutionNode = FALSE
	EndGlobalSection
	GlobalSection(NestedProjects) = preSolution
		{9A9561A7-DD5F-43A5-A3F5-A95F35DA204D} = {83BF22F9-3A2D-42A3-9DB0-C1E2AA1DD218}
		{DFA2FB97-D676-4B0D-B281-2685F85781EE} = {83BF22F9-3A2D-42A3-9DB0-C1E2AA1DD218}
		{52CE6BEB-EC81-4A14-85DD-3F8DB8E33202} = {69DC5824-3F89-4B47-BF1A-F25942094195}
		{D80DBBF2-307F-40A0-86F1-871C8DAA394B} = {69DC5824-3F89-4B47-BF1A-F25942094195}
		{741EE70E-4CED-40EB-89F2-BD77D41FECED} = {69DC5824-3F89-4B47-BF1A-F25942094195}
		{0965C803-49B2-4311-B62F-1E60DBD9185F} = {83BF22F9-3A2D-42A3-9DB0-C1E2AA1DD218}
		{244E68E6-90D2-447D-B380-13CA8DD3D4EC} = {69DC5824-3F89-4B47-BF1A-F25942094195}
		{8109040E-9D8D-43E7-A461-83475B2939C9} = {83BF22F9-3A2D-42A3-9DB0-C1E2AA1DD218}
		{22D618C0-F0A4-417F-A815-C760BF4376B2} = {69DC5824-3F89-4B47-BF1A-F25942094195}
		{4AA1EF48-BC5E-4FE4-9B7D-BAE6D6AB9529} = {83BF22F9-3A2D-42A3-9DB0-C1E2AA1DD218}
	EndGlobalSection
	GlobalSection(ExtensibilityGlobals) = postSolution
		SolutionGuid = {9631F8FF-AFC1-4583-9D27-6C2D97D3A2E9}
	EndGlobalSection
EndGlobal
