
Microsoft Visual Studio Solution File, Format Version 12.00
# Visual Studio Version 16
VisualStudioVersion = 16.0.29102.190
MinimumVisualStudioVersion = 10.0.40219.1
Project("{FAE04EC0-301F-11D3-BF4B-00C04F79EFBC}") = "LaptopSimulator2015", "LaptopSimulator2015\LaptopSimulator2015.csproj", "{ADBFC08F-A516-4790-9F9E-FB3000619E2A}"
	ProjectSection(ProjectDependencies) = postProject
		{0965C803-49B2-4311-B62F-1E60DBD9185F} = {0965C803-49B2-4311-B62F-1E60DBD9185F}
		{8109040E-9D8D-43E7-A461-83475B2939C9} = {8109040E-9D8D-43E7-A461-83475B2939C9}
		{4AA1EF48-BC5E-4FE4-9B7D-BAE6D6AB9529} = {4AA1EF48-BC5E-4FE4-9B7D-BAE6D6AB9529}
		{048BCC52-64BA-452B-A3F6-3683F9049AFD} = {048BCC52-64BA-452B-A3F6-3683F9049AFD}
		{DFD89655-00A7-4DF8-8B2E-17F5BEFE5090} = {DFD89655-00A7-4DF8-8B2E-17F5BEFE5090}
		{E61E2797-62B4-471C-ACBF-31EAB7C746CF} = {E61E2797-62B4-471C-ACBF-31EAB7C746CF}
		{DFA2FB97-D676-4B0D-B281-2685F85781EE} = {DFA2FB97-D676-4B0D-B281-2685F85781EE}
		{72BBB6B8-5DA3-4FF1-8FA6-75256637F931} = {72BBB6B8-5DA3-4FF1-8FA6-75256637F931}
		{5E10F1D0-0114-444A-B80E-975B5DC40D9F} = {5E10F1D0-0114-444A-B80E-975B5DC40D9F}
		{B97A24F8-8027-471A-B688-8BC5D49B21D7} = {B97A24F8-8027-471A-B688-8BC5D49B21D7}
	EndProjectSection
EndProject
Project("{2150E333-8FDC-42A3-9474-1A3956D46DE8}") = "Levels", "Levels", "{83BF22F9-3A2D-42A3-9DB0-C1E2AA1DD218}"
EndProject
Project("{FAE04EC0-301F-11D3-BF4B-00C04F79EFBC}") = "Base", "Base\Base.csproj", "{9A9561A7-DD5F-43A5-A3F5-A95F35DA204D}"
EndProject
Project("{FAE04EC0-301F-11D3-BF4B-00C04F79EFBC}") = "1", "1\1.csproj", "{DFA2FB97-D676-4B0D-B281-2685F85781EE}"
EndProject
Project("{FAE04EC0-301F-11D3-BF4B-00C04F79EFBC}") = "2", "2\2.csproj", "{0965C803-49B2-4311-B62F-1E60DBD9185F}"
EndProject
Project("{FAE04EC0-301F-11D3-BF4B-00C04F79EFBC}") = "3", "3\3.csproj", "{8109040E-9D8D-43E7-A461-83475B2939C9}"
EndProject
Project("{FAE04EC0-301F-11D3-BF4B-00C04F79EFBC}") = "4", "4\4.csproj", "{4AA1EF48-BC5E-4FE4-9B7D-BAE6D6AB9529}"
EndProject
Project("{2150E333-8FDC-42A3-9474-1A3956D46DE8}") = "Meta", "Meta", "{23D851A7-722E-416A-91F8-0C86349D5BF3}"
	ProjectSection(SolutionItems) = preProject
		.gitignore = .gitignore
		make.bat = make.bat
		README.md = README.md
		ToDo.txt = ToDo.txt
	EndProjectSection
EndProject
Project("{2150E333-8FDC-42A3-9474-1A3956D46DE8}") = "Goals", "Goals", "{7D9F2BFD-61B6-4C6C-97CC-D9AD51A04959}"
EndProject
Project("{FAE04EC0-301F-11D3-BF4B-00C04F79EFBC}") = "3g", "3g\3g.csproj", "{E61E2797-62B4-471C-ACBF-31EAB7C746CF}"
EndProject
Project("{2150E333-8FDC-42A3-9474-1A3956D46DE8}") = "Glitches", "Glitches", "{A8CDDCD3-43FC-46AE-9132-24DE27808D96}"
EndProject
Project("{FAE04EC0-301F-11D3-BF4B-00C04F79EFBC}") = "CaptchaGlitch_Rand", "CaptchaGlitch_Rand\CaptchaGlitch_Rand.csproj", "{72BBB6B8-5DA3-4FF1-8FA6-75256637F931}"
EndProject
Project("{FAE04EC0-301F-11D3-BF4B-00C04F79EFBC}") = "zz_CaptchaGlitch_Empty", "zz_CaptchaGlitch_Empty\zz_CaptchaGlitch_Empty.csproj", "{048BCC52-64BA-452B-A3F6-3683F9049AFD}"
EndProject
Project("{FAE04EC0-301F-11D3-BF4B-00C04F79EFBC}") = "CaptchaGlitch_Double", "CaptchaGlitch_Double\CaptchaGlitch_Double.csproj", "{B97A24F8-8027-471A-B688-8BC5D49B21D7}"
EndProject
Project("{FAE04EC0-301F-11D3-BF4B-00C04F79EFBC}") = "zzz_ShuffleChars", "zzz_ShuffleChars\zzz_ShuffleChars.csproj", "{5E10F1D0-0114-444A-B80E-975B5DC40D9F}"
EndProject
Project("{FAE04EC0-301F-11D3-BF4B-00C04F79EFBC}") = "LevelTest", "LevelTest\LevelTest.csproj", "{DFD89655-00A7-4DF8-8B2E-17F5BEFE5090}"
	ProjectSection(ProjectDependencies) = postProject
		{0965C803-49B2-4311-B62F-1E60DBD9185F} = {0965C803-49B2-4311-B62F-1E60DBD9185F}
		{8109040E-9D8D-43E7-A461-83475B2939C9} = {8109040E-9D8D-43E7-A461-83475B2939C9}
		{4AA1EF48-BC5E-4FE4-9B7D-BAE6D6AB9529} = {4AA1EF48-BC5E-4FE4-9B7D-BAE6D6AB9529}
		{E61E2797-62B4-471C-ACBF-31EAB7C746CF} = {E61E2797-62B4-471C-ACBF-31EAB7C746CF}
		{DFA2FB97-D676-4B0D-B281-2685F85781EE} = {DFA2FB97-D676-4B0D-B281-2685F85781EE}
	EndProjectSection
EndProject
Global
	GlobalSection(SolutionConfigurationPlatforms) = preSolution
		Debug|Any CPU = Debug|Any CPU
		Release|Any CPU = Release|Any CPU
	EndGlobalSection
	GlobalSection(ProjectConfigurationPlatforms) = postSolution
		{ADBFC08F-A516-4790-9F9E-FB3000619E2A}.Debug|Any CPU.ActiveCfg = Debug|Any CPU
		{ADBFC08F-A516-4790-9F9E-FB3000619E2A}.Debug|Any CPU.Build.0 = Debug|Any CPU
		{ADBFC08F-A516-4790-9F9E-FB3000619E2A}.Release|Any CPU.ActiveCfg = Release|Any CPU
		{ADBFC08F-A516-4790-9F9E-FB3000619E2A}.Release|Any CPU.Build.0 = Release|Any CPU
		{9A9561A7-DD5F-43A5-A3F5-A95F35DA204D}.Debug|Any CPU.ActiveCfg = Debug|Any CPU
		{9A9561A7-DD5F-43A5-A3F5-A95F35DA204D}.Debug|Any CPU.Build.0 = Debug|Any CPU
		{9A9561A7-DD5F-43A5-A3F5-A95F35DA204D}.Release|Any CPU.ActiveCfg = Release|Any CPU
		{9A9561A7-DD5F-43A5-A3F5-A95F35DA204D}.Release|Any CPU.Build.0 = Release|Any CPU
		{DFA2FB97-D676-4B0D-B281-2685F85781EE}.Debug|Any CPU.ActiveCfg = Debug|Any CPU
		{DFA2FB97-D676-4B0D-B281-2685F85781EE}.Debug|Any CPU.Build.0 = Debug|Any CPU
		{DFA2FB97-D676-4B0D-B281-2685F85781EE}.Release|Any CPU.ActiveCfg = Release|Any CPU
		{DFA2FB97-D676-4B0D-B281-2685F85781EE}.Release|Any CPU.Build.0 = Release|Any CPU
		{0965C803-49B2-4311-B62F-1E60DBD9185F}.Debug|Any CPU.ActiveCfg = Debug|Any CPU
		{0965C803-49B2-4311-B62F-1E60DBD9185F}.Debug|Any CPU.Build.0 = Debug|Any CPU
		{0965C803-49B2-4311-B62F-1E60DBD9185F}.Release|Any CPU.ActiveCfg = Release|Any CPU
		{0965C803-49B2-4311-B62F-1E60DBD9185F}.Release|Any CPU.Build.0 = Release|Any CPU
		{8109040E-9D8D-43E7-A461-83475B2939C9}.Debug|Any CPU.ActiveCfg = Debug|Any CPU
		{8109040E-9D8D-43E7-A461-83475B2939C9}.Debug|Any CPU.Build.0 = Debug|Any CPU
		{8109040E-9D8D-43E7-A461-83475B2939C9}.Release|Any CPU.ActiveCfg = Release|Any CPU
		{8109040E-9D8D-43E7-A461-83475B2939C9}.Release|Any CPU.Build.0 = Release|Any CPU
		{4AA1EF48-BC5E-4FE4-9B7D-BAE6D6AB9529}.Debug|Any CPU.ActiveCfg = Debug|Any CPU
		{4AA1EF48-BC5E-4FE4-9B7D-BAE6D6AB9529}.Debug|Any CPU.Build.0 = Debug|Any CPU
		{4AA1EF48-BC5E-4FE4-9B7D-BAE6D6AB9529}.Release|Any CPU.ActiveCfg = Release|Any CPU
		{4AA1EF48-BC5E-4FE4-9B7D-BAE6D6AB9529}.Release|Any CPU.Build.0 = Release|Any CPU
		{E61E2797-62B4-471C-ACBF-31EAB7C746CF}.Debug|Any CPU.ActiveCfg = Debug|Any CPU
		{E61E2797-62B4-471C-ACBF-31EAB7C746CF}.Debug|Any CPU.Build.0 = Debug|Any CPU
		{E61E2797-62B4-471C-ACBF-31EAB7C746CF}.Release|Any CPU.ActiveCfg = Release|Any CPU
		{E61E2797-62B4-471C-ACBF-31EAB7C746CF}.Release|Any CPU.Build.0 = Release|Any CPU
		{72BBB6B8-5DA3-4FF1-8FA6-75256637F931}.Debug|Any CPU.ActiveCfg = Debug|Any CPU
		{72BBB6B8-5DA3-4FF1-8FA6-75256637F931}.Debug|Any CPU.Build.0 = Debug|Any CPU
		{72BBB6B8-5DA3-4FF1-8FA6-75256637F931}.Release|Any CPU.ActiveCfg = Release|Any CPU
		{72BBB6B8-5DA3-4FF1-8FA6-75256637F931}.Release|Any CPU.Build.0 = Release|Any CPU
		{048BCC52-64BA-452B-A3F6-3683F9049AFD}.Debug|Any CPU.ActiveCfg = Debug|Any CPU
		{048BCC52-64BA-452B-A3F6-3683F9049AFD}.Debug|Any CPU.Build.0 = Debug|Any CPU
		{048BCC52-64BA-452B-A3F6-3683F9049AFD}.Release|Any CPU.ActiveCfg = Release|Any CPU
		{048BCC52-64BA-452B-A3F6-3683F9049AFD}.Release|Any CPU.Build.0 = Release|Any CPU
		{B97A24F8-8027-471A-B688-8BC5D49B21D7}.Debug|Any CPU.ActiveCfg = Debug|Any CPU
		{B97A24F8-8027-471A-B688-8BC5D49B21D7}.Debug|Any CPU.Build.0 = Debug|Any CPU
		{B97A24F8-8027-471A-B688-8BC5D49B21D7}.Release|Any CPU.ActiveCfg = Release|Any CPU
		{B97A24F8-8027-471A-B688-8BC5D49B21D7}.Release|Any CPU.Build.0 = Release|Any CPU
		{5E10F1D0-0114-444A-B80E-975B5DC40D9F}.Debug|Any CPU.ActiveCfg = Debug|Any CPU
		{5E10F1D0-0114-444A-B80E-975B5DC40D9F}.Debug|Any CPU.Build.0 = Debug|Any CPU
		{5E10F1D0-0114-444A-B80E-975B5DC40D9F}.Release|Any CPU.ActiveCfg = Release|Any CPU
		{5E10F1D0-0114-444A-B80E-975B5DC40D9F}.Release|Any CPU.Build.0 = Release|Any CPU
		{DFD89655-00A7-4DF8-8B2E-17F5BEFE5090}.Debug|Any CPU.ActiveCfg = Debug|Any CPU
		{DFD89655-00A7-4DF8-8B2E-17F5BEFE5090}.Debug|Any CPU.Build.0 = Debug|Any CPU
		{DFD89655-00A7-4DF8-8B2E-17F5BEFE5090}.Release|Any CPU.ActiveCfg = Release|Any CPU
		{DFD89655-00A7-4DF8-8B2E-17F5BEFE5090}.Release|Any CPU.Build.0 = Release|Any CPU
	EndGlobalSection
	GlobalSection(SolutionProperties) = preSolution
		HideSolutionNode = FALSE
	EndGlobalSection
	GlobalSection(NestedProjects) = preSolution
		{DFA2FB97-D676-4B0D-B281-2685F85781EE} = {83BF22F9-3A2D-42A3-9DB0-C1E2AA1DD218}
		{0965C803-49B2-4311-B62F-1E60DBD9185F} = {83BF22F9-3A2D-42A3-9DB0-C1E2AA1DD218}
		{8109040E-9D8D-43E7-A461-83475B2939C9} = {83BF22F9-3A2D-42A3-9DB0-C1E2AA1DD218}
		{4AA1EF48-BC5E-4FE4-9B7D-BAE6D6AB9529} = {83BF22F9-3A2D-42A3-9DB0-C1E2AA1DD218}
		{E61E2797-62B4-471C-ACBF-31EAB7C746CF} = {7D9F2BFD-61B6-4C6C-97CC-D9AD51A04959}
		{72BBB6B8-5DA3-4FF1-8FA6-75256637F931} = {A8CDDCD3-43FC-46AE-9132-24DE27808D96}
		{048BCC52-64BA-452B-A3F6-3683F9049AFD} = {A8CDDCD3-43FC-46AE-9132-24DE27808D96}
		{B97A24F8-8027-471A-B688-8BC5D49B21D7} = {A8CDDCD3-43FC-46AE-9132-24DE27808D96}
		{5E10F1D0-0114-444A-B80E-975B5DC40D9F} = {A8CDDCD3-43FC-46AE-9132-24DE27808D96}
	EndGlobalSection
	GlobalSection(ExtensibilityGlobals) = postSolution
		SolutionGuid = {9631F8FF-AFC1-4583-9D27-6C2D97D3A2E9}
	EndGlobalSection
EndGlobal
